{
  "nodes": {
    "blobs": {
      "flake": false,
      "locked": {
        "lastModified": 1604995301,
        "narHash": "sha256-wcLzgLec6SGJA8fx1OEN1yV/Py5b+U5iyYpksUY/yLw=",
        "owner": "simple-nixos-mailserver",
        "repo": "blobs",
        "rev": "2cccdf1ca48316f2cfd1c9a0017e8de5a7156265",
        "type": "gitlab"
      },
      "original": {
        "owner": "simple-nixos-mailserver",
        "repo": "blobs",
        "type": "gitlab"
      }
    },
    "core": {
      "inputs": {
        "home-manager": "home-manager",
        "nixpkgs": "nixpkgs",
        "pre-commit-hooks": "pre-commit-hooks"
      },
      "locked": {
        "lastModified": 1737140202,
        "narHash": "sha256-PYf3mZDBurQJC+eMyFB/dEsKzbdpoP/gdYPKoYQPMmg=",
        "owner": "sid115",
        "repo": "nix-core",
        "rev": "e8d8cbb314651be7271c455c76362c9041e6e8cf",
        "type": "github"
      },
      "original": {
        "owner": "sid115",
        "repo": "nix-core",
        "type": "github"
      }
    },
    "devshell": {
      "inputs": {
        "nixpkgs": [
          "nixvim",
          "nixpkgs"
        ]
      },
      "locked": {
        "lastModified": 1735644329,
        "narHash": "sha256-tO3HrHriyLvipc4xr+Ewtdlo7wM1OjXNjlWRgmM7peY=",
        "owner": "numtide",
        "repo": "devshell",
        "rev": "f7795ede5b02664b57035b3b757876703e2c3eac",
        "type": "github"
      },
      "original": {
        "owner": "numtide",
        "repo": "devshell",
        "type": "github"
      }
    },
    "flake-compat": {
      "flake": false,
      "locked": {
        "lastModified": 1696426674,
        "narHash": "sha256-kvjfFW7WAETZlt09AgDn1MrtKzP7t90Vf7vypd3OL1U=",
        "owner": "edolstra",
        "repo": "flake-compat",
        "rev": "0f9255e01c2351cc7d116c072cb317785dd33b33",
        "type": "github"
      },
      "original": {
        "owner": "edolstra",
        "repo": "flake-compat",
        "type": "github"
      }
    },
    "flake-compat_2": {
      "flake": false,
      "locked": {
        "lastModified": 1673956053,
        "narHash": "sha256-4gtG9iQuiKITOjNQQeQIpoIB6b16fm+504Ch3sNKLd8=",
        "owner": "edolstra",
        "repo": "flake-compat",
        "rev": "35bb57c0c8d8b62bbfd284272c928ceb64ddbde9",
        "type": "github"
      },
      "original": {
        "owner": "edolstra",
        "repo": "flake-compat",
        "type": "github"
      }
    },
    "flake-compat_3": {
      "flake": false,
      "locked": {
        "lastModified": 1696426674,
        "narHash": "sha256-kvjfFW7WAETZlt09AgDn1MrtKzP7t90Vf7vypd3OL1U=",
        "owner": "edolstra",
        "repo": "flake-compat",
        "rev": "0f9255e01c2351cc7d116c072cb317785dd33b33",
        "type": "github"
      },
      "original": {
        "owner": "edolstra",
        "repo": "flake-compat",
        "type": "github"
      }
    },
    "flake-compat_4": {
      "locked": {
        "lastModified": 1696426674,
        "narHash": "sha256-kvjfFW7WAETZlt09AgDn1MrtKzP7t90Vf7vypd3OL1U=",
        "rev": "0f9255e01c2351cc7d116c072cb317785dd33b33",
        "revCount": 57,
        "type": "tarball",
        "url": "https://api.flakehub.com/f/pinned/edolstra/flake-compat/1.0.1/018afb31-abd1-7bff-a5e4-cff7e18efb7a/source.tar.gz"
      },
      "original": {
        "type": "tarball",
        "url": "https://flakehub.com/f/edolstra/flake-compat/1.tar.gz"
      }
    },
    "flake-parts": {
      "inputs": {
        "nixpkgs-lib": [
          "nixvim",
          "nixpkgs"
        ]
      },
      "locked": {
        "lastModified": 1736143030,
        "narHash": "sha256-+hu54pAoLDEZT9pjHlqL9DNzWz0NbUn8NEAHP7PQPzU=",
        "owner": "hercules-ci",
        "repo": "flake-parts",
        "rev": "b905f6fc23a9051a6e1b741e1438dbfc0634c6de",
        "type": "github"
      },
      "original": {
        "owner": "hercules-ci",
        "repo": "flake-parts",
        "type": "github"
      }
    },
    "flake-utils": {
      "inputs": {
        "systems": "systems"
      },
      "locked": {
        "lastModified": 1681202837,
        "narHash": "sha256-H+Rh19JDwRtpVPAWp64F+rlEtxUWBAQW28eAi3SRSzg=",
        "owner": "numtide",
        "repo": "flake-utils",
        "rev": "cfacdce06f30d2b68473a46042957675eebb3401",
        "type": "github"
      },
      "original": {
        "owner": "numtide",
        "repo": "flake-utils",
        "type": "github"
      }
    },
    "flake-utils_2": {
      "inputs": {
        "systems": "systems_2"
      },
      "locked": {
        "lastModified": 1731533236,
        "narHash": "sha256-l0KFg5HjrsfsO/JpG+r7fRrqm12kzFHyUHqHCVpMMbI=",
        "owner": "numtide",
        "repo": "flake-utils",
        "rev": "11707dc2f618dd54ca8739b309ec4fc024de578b",
        "type": "github"
      },
      "original": {
        "owner": "numtide",
        "repo": "flake-utils",
        "type": "github"
      }
    },
    "git-hooks": {
      "inputs": {
        "flake-compat": [
          "nixvim",
          "flake-compat"
        ],
        "gitignore": "gitignore_2",
        "nixpkgs": [
          "nixvim",
          "nixpkgs"
        ]
      },
      "locked": {
        "lastModified": 1735882644,
        "narHash": "sha256-3FZAG+pGt3OElQjesCAWeMkQ7C/nB1oTHLRQ8ceP110=",
        "owner": "cachix",
        "repo": "git-hooks.nix",
        "rev": "a5a961387e75ae44cc20f0a57ae463da5e959656",
        "type": "github"
      },
      "original": {
        "owner": "cachix",
        "repo": "git-hooks.nix",
        "type": "github"
      }
    },
    "gitignore": {
      "inputs": {
        "nixpkgs": [
          "core",
          "pre-commit-hooks",
          "nixpkgs"
        ]
      },
      "locked": {
        "lastModified": 1709087332,
        "narHash": "sha256-HG2cCnktfHsKV0s4XW83gU3F57gaTljL9KNSuG6bnQs=",
        "owner": "hercules-ci",
        "repo": "gitignore.nix",
        "rev": "637db329424fd7e46cf4185293b9cc8c88c95394",
        "type": "github"
      },
      "original": {
        "owner": "hercules-ci",
        "repo": "gitignore.nix",
        "type": "github"
      }
    },
    "gitignore_2": {
      "inputs": {
        "nixpkgs": [
          "nixvim",
          "git-hooks",
          "nixpkgs"
        ]
      },
      "locked": {
        "lastModified": 1709087332,
        "narHash": "sha256-HG2cCnktfHsKV0s4XW83gU3F57gaTljL9KNSuG6bnQs=",
        "owner": "hercules-ci",
        "repo": "gitignore.nix",
        "rev": "637db329424fd7e46cf4185293b9cc8c88c95394",
        "type": "github"
      },
      "original": {
        "owner": "hercules-ci",
        "repo": "gitignore.nix",
        "type": "github"
      }
    },
    "home-manager": {
      "inputs": {
        "nixpkgs": [
          "core",
          "nixpkgs"
        ]
      },
      "locked": {
        "lastModified": 1736373539,
        "narHash": "sha256-dinzAqCjenWDxuy+MqUQq0I4zUSfaCvN9rzuCmgMZJY=",
        "owner": "nix-community",
        "repo": "home-manager",
        "rev": "bd65bc3cde04c16755955630b344bc9e35272c56",
        "type": "github"
      },
      "original": {
        "owner": "nix-community",
        "ref": "release-24.11",
        "repo": "home-manager",
        "type": "github"
      }
    },
    "home-manager_2": {
      "inputs": {
        "nixpkgs": [
          "nixpkgs"
        ]
      },
      "locked": {
        "lastModified": 1736373539,
        "narHash": "sha256-dinzAqCjenWDxuy+MqUQq0I4zUSfaCvN9rzuCmgMZJY=",
        "owner": "nix-community",
        "repo": "home-manager",
        "rev": "bd65bc3cde04c16755955630b344bc9e35272c56",
        "type": "github"
      },
      "original": {
        "owner": "nix-community",
        "ref": "release-24.11",
        "repo": "home-manager",
        "type": "github"
      }
    },
    "home-manager_3": {
      "inputs": {
        "nixpkgs": [
          "nixvim",
          "nixpkgs"
        ]
      },
      "locked": {
        "lastModified": 1736373539,
        "narHash": "sha256-dinzAqCjenWDxuy+MqUQq0I4zUSfaCvN9rzuCmgMZJY=",
        "owner": "nix-community",
        "repo": "home-manager",
        "rev": "bd65bc3cde04c16755955630b344bc9e35272c56",
        "type": "github"
      },
      "original": {
        "owner": "nix-community",
        "ref": "release-24.11",
        "repo": "home-manager",
        "type": "github"
      }
    },
    "ixx": {
      "inputs": {
        "flake-utils": [
          "nixvim",
          "nuschtosSearch",
          "flake-utils"
        ],
        "nixpkgs": [
          "nixvim",
          "nuschtosSearch",
          "nixpkgs"
        ]
      },
      "locked": {
        "lastModified": 1729958008,
        "narHash": "sha256-EiOq8jF4Z/zQe0QYVc3+qSKxRK//CFHMB84aYrYGwEs=",
        "owner": "NuschtOS",
        "repo": "ixx",
        "rev": "9fd01aad037f345350eab2cd45e1946cc66da4eb",
        "type": "github"
      },
      "original": {
        "owner": "NuschtOS",
        "ref": "v0.0.6",
        "repo": "ixx",
        "type": "github"
      }
    },
    "nix-darwin": {
      "inputs": {
        "nixpkgs": [
          "nixvim",
          "nixpkgs"
        ]
      },
      "locked": {
        "lastModified": 1736370755,
        "narHash": "sha256-iWcjToBpx4PUd74uqvIGAfqqVfyrvRLRauC/SxEKIF0=",
        "owner": "lnl7",
        "repo": "nix-darwin",
        "rev": "57733bd1dc81900e13438e5b4439239f1b29db0e",
        "type": "github"
      },
      "original": {
        "owner": "lnl7",
        "repo": "nix-darwin",
        "type": "github"
      }
    },
    "nix-minecraft": {
      "inputs": {
        "flake-compat": "flake-compat_2",
        "flake-utils": "flake-utils",
        "nixpkgs": [
          "nixpkgs"
        ]
      },
      "locked": {
        "lastModified": 1736991798,
        "narHash": "sha256-G4eufaog7+ZJ5zOYG19/QrZTQlIuxI5QUSDaXoJqAZo=",
        "owner": "Infinidoge",
        "repo": "nix-minecraft",
        "rev": "54c96a05a61c96f9a78f4c65b95f358c93f2595e",
        "type": "github"
      },
      "original": {
        "owner": "Infinidoge",
        "repo": "nix-minecraft",
        "type": "github"
      }
    },
    "nixos-mailserver": {
      "inputs": {
        "blobs": "blobs",
        "flake-compat": "flake-compat_3",
        "nixpkgs": [
          "nixpkgs"
        ],
        "nixpkgs-24_11": "nixpkgs-24_11"
      },
      "locked": {
        "lastModified": 1734884447,
        "narHash": "sha256-HA9fAmGNGf0cOYrhgoa+B6BxNVqGAYXfLyx8zIS0ZBY=",
        "owner": "simple-nixos-mailserver",
        "repo": "nixos-mailserver",
        "rev": "63209b1def2c9fc891ad271f474a3464a5833294",
        "type": "gitlab"
      },
      "original": {
        "owner": "simple-nixos-mailserver",
        "ref": "nixos-24.11",
        "repo": "nixos-mailserver",
        "type": "gitlab"
      }
    },
    "nixpkgs": {
      "locked": {
        "lastModified": 1736916166,
        "narHash": "sha256-puPDoVKxkuNmYIGMpMQiK8bEjaACcCksolsG36gdaNQ=",
        "owner": "nixos",
        "repo": "nixpkgs",
        "rev": "e24b4c09e963677b1beea49d411cd315a024ad3a",
        "type": "github"
      },
      "original": {
        "owner": "nixos",
        "ref": "nixos-24.11",
        "repo": "nixpkgs",
        "type": "github"
      }
    },
    "nixpkgs-24_11": {
      "locked": {
        "lastModified": 1734083684,
        "narHash": "sha256-5fNndbndxSx5d+C/D0p/VF32xDiJCJzyOqorOYW4JEo=",
        "owner": "NixOS",
        "repo": "nixpkgs",
        "rev": "314e12ba369ccdb9b352a4db26ff419f7c49fa84",
        "type": "github"
      },
      "original": {
        "id": "nixpkgs",
        "ref": "nixos-24.11",
        "type": "indirect"
      }
    },
    "nixpkgs-old-stable": {
      "locked": {
        "lastModified": 1735563628,
        "narHash": "sha256-OnSAY7XDSx7CtDoqNh8jwVwh4xNL/2HaJxGjryLWzX8=",
        "owner": "nixos",
        "repo": "nixpkgs",
        "rev": "b134951a4c9f3c995fd7be05f3243f8ecd65d798",
        "type": "github"
      },
      "original": {
        "owner": "nixos",
        "ref": "nixos-24.05",
        "repo": "nixpkgs",
        "type": "github"
      }
    },
    "nixpkgs-unstable": {
      "locked": {
        "lastModified": 1736883708,
        "narHash": "sha256-uQ+NQ0/xYU0N1CnXsa2zghgNaOPxWpMJXSUJJ9W7140=",
        "owner": "nixos",
        "repo": "nixpkgs",
        "rev": "eb62e6aa39ea67e0b8018ba8ea077efe65807dc8",
        "type": "github"
      },
      "original": {
        "owner": "nixos",
        "ref": "nixos-unstable",
        "repo": "nixpkgs",
        "type": "github"
      }
    },
    "nixpkgs_2": {
      "locked": {
        "lastModified": 1730768919,
        "narHash": "sha256-8AKquNnnSaJRXZxc5YmF/WfmxiHX6MMZZasRP6RRQkE=",
        "owner": "NixOS",
        "repo": "nixpkgs",
        "rev": "a04d33c0c3f1a59a2c1cb0c6e34cd24500e5a1dc",
        "type": "github"
      },
      "original": {
        "owner": "NixOS",
        "ref": "nixpkgs-unstable",
        "repo": "nixpkgs",
        "type": "github"
      }
    },
    "nixpkgs_3": {
      "locked": {
        "lastModified": 1736916166,
        "narHash": "sha256-puPDoVKxkuNmYIGMpMQiK8bEjaACcCksolsG36gdaNQ=",
        "owner": "nixos",
        "repo": "nixpkgs",
        "rev": "e24b4c09e963677b1beea49d411cd315a024ad3a",
        "type": "github"
      },
      "original": {
        "owner": "nixos",
        "ref": "nixos-24.11",
        "repo": "nixpkgs",
        "type": "github"
      }
    },
    "nixvim": {
      "inputs": {
        "devshell": "devshell",
        "flake-compat": "flake-compat_4",
        "flake-parts": "flake-parts",
        "git-hooks": "git-hooks",
        "home-manager": "home-manager_3",
        "nix-darwin": "nix-darwin",
        "nixpkgs": [
          "nixpkgs"
        ],
        "nuschtosSearch": "nuschtosSearch",
        "treefmt-nix": "treefmt-nix"
      },
      "locked": {
        "lastModified": 1736598792,
        "narHash": "sha256-G6/9vT12RAxkNWQPEX9p8tTx/i8jJcmISpbVDGbEPGc=",
        "owner": "nix-community",
        "repo": "nixvim",
        "rev": "2004ff4547f11d25da78f393fe797dde2b831ce7",
        "type": "github"
      },
      "original": {
        "owner": "nix-community",
        "ref": "nixos-24.11",
        "repo": "nixvim",
        "type": "github"
      }
    },
    "nuschtosSearch": {
      "inputs": {
        "flake-utils": "flake-utils_2",
        "ixx": "ixx",
        "nixpkgs": [
          "nixvim",
          "nixpkgs"
        ]
      },
      "locked": {
        "lastModified": 1735854821,
        "narHash": "sha256-Iv59gMDZajNfezTO0Fw6LHE7uKAShxbvMidmZREit7c=",
        "owner": "NuschtOS",
        "repo": "search",
        "rev": "836908e3bddd837ae0f13e215dd48767aee355f0",
        "type": "github"
      },
      "original": {
        "owner": "NuschtOS",
        "repo": "search",
        "type": "github"
      }
    },
    "pre-commit-hooks": {
      "inputs": {
        "flake-compat": "flake-compat",
        "gitignore": "gitignore",
        "nixpkgs": "nixpkgs_2"
      },
      "locked": {
        "lastModified": 1737043064,
        "narHash": "sha256-I/OuxGwXwRi5gnFPsyCvVR+IfFstA+QXEpHu1hvsgD8=",
        "owner": "cachix",
        "repo": "git-hooks.nix",
        "rev": "94ee657f6032d913fe0ef49adaa743804635b0bb",
        "type": "github"
      },
      "original": {
        "owner": "cachix",
        "repo": "git-hooks.nix",
        "type": "github"
      }
    },
    "root": {
      "inputs": {
        "core": "core",
        "home-manager": "home-manager_2",
        "nix-minecraft": "nix-minecraft",
        "nixos-mailserver": "nixos-mailserver",
        "nixpkgs": "nixpkgs_3",
        "nixpkgs-old-stable": "nixpkgs-old-stable",
        "nixpkgs-unstable": "nixpkgs-unstable",
        "nixvim": "nixvim",
        "sops-nix": "sops-nix"
      }
    },
    "sops-nix": {
      "inputs": {
        "nixpkgs": [
          "nixpkgs"
        ]
      },
      "locked": {
        "lastModified": 1737107480,
        "narHash": "sha256-GXUE9+FgxoZU8v0p6ilBJ8NH7k8nKmZjp/7dmMrCv3o=",
        "owner": "Mic92",
        "repo": "sops-nix",
        "rev": "4c4fb93f18b9072c6fa1986221f9a3d7bf1fe4b6",
        "type": "github"
      },
      "original": {
        "owner": "Mic92",
        "repo": "sops-nix",
        "type": "github"
      }
    },
    "systems": {
      "locked": {
        "lastModified": 1681028828,
        "narHash": "sha256-Vy1rq5AaRuLzOxct8nz4T6wlgyUR7zLU309k9mBC768=",
        "owner": "nix-systems",
        "repo": "default",
        "rev": "da67096a3b9bf56a91d16901293e51ba5b49a27e",
        "type": "github"
      },
      "original": {
        "owner": "nix-systems",
        "repo": "default",
        "type": "github"
      }
    },
    "systems_2": {
      "locked": {
        "lastModified": 1681028828,
        "narHash": "sha256-Vy1rq5AaRuLzOxct8nz4T6wlgyUR7zLU309k9mBC768=",
        "owner": "nix-systems",
        "repo": "default",
        "rev": "da67096a3b9bf56a91d16901293e51ba5b49a27e",
        "type": "github"
      },
      "original": {
        "owner": "nix-systems",
        "repo": "default",
        "type": "github"
      }
    },
    "treefmt-nix": {
      "inputs": {
        "nixpkgs": [
          "nixvim",
          "nixpkgs"
        ]
      },
      "locked": {
        "lastModified": 1736154270,
        "narHash": "sha256-p2r8xhQZ3TYIEKBoiEhllKWQqWNJNoT9v64Vmg4q8Zw=",
        "owner": "numtide",
        "repo": "treefmt-nix",
        "rev": "13c913f5deb3a5c08bb810efd89dc8cb24dd968b",
        "type": "github"
      },
      "original": {
        "owner": "numtide",
        "repo": "treefmt-nix",
        "type": "github"
      }
    }
  },
  "root": "root",
  "version": 7
}
